# This file is automatically @generated by Poetry 1.4.2 and should not be changed by hand.

[[package]]
name = "protobuf"
version = "4.23.1"
description = ""
category = "main"
optional = false
python-versions = ">=3.7"
files = [
    {file = "protobuf-4.23.1-cp310-abi3-win32.whl", hash = "sha256:410bcc0a5b279f634d3e16082ce221dfef7c3392fac723500e2e64d1806dd2be"},
    {file = "protobuf-4.23.1-cp310-abi3-win_amd64.whl", hash = "sha256:32e78beda26d7a101fecf15d7a4a792278a0d26a31bc327ff05564a9d68ab8ee"},
    {file = "protobuf-4.23.1-cp37-abi3-macosx_10_9_universal2.whl", hash = "sha256:f9510cac91e764e86acd74e2b7f7bc5e6127a7f3fb646d7c8033cfb84fd1176a"},
    {file = "protobuf-4.23.1-cp37-abi3-manylinux2014_aarch64.whl", hash = "sha256:346990f634272caac1f09efbcfbbacb23098b1f606d172534c6fa2d9758bb436"},
    {file = "protobuf-4.23.1-cp37-abi3-manylinux2014_x86_64.whl", hash = "sha256:3ce113b3f3362493bddc9069c2163a38f240a9ed685ff83e7bcb756b05e1deb0"},
    {file = "protobuf-4.23.1-cp37-cp37m-win32.whl", hash = "sha256:2036a3a1e7fc27f973fa0a7888dce712393af644f4695385f117886abc792e39"},
    {file = "protobuf-4.23.1-cp37-cp37m-win_amd64.whl", hash = "sha256:3b8905eafe4439076e1f58e9d1fa327025fd2777cf90f14083092ae47f77b0aa"},
    {file = "protobuf-4.23.1-cp38-cp38-win32.whl", hash = "sha256:5b9cd6097e6acae48a68cb29b56bc79339be84eca65b486910bb1e7a30e2b7c1"},
    {file = "protobuf-4.23.1-cp38-cp38-win_amd64.whl", hash = "sha256:decf119d54e820f298ee6d89c72d6b289ea240c32c521f00433f9dc420595f38"},
    {file = "protobuf-4.23.1-cp39-cp39-win32.whl", hash = "sha256:91fac0753c3c4951fbb98a93271c43cc7cf3b93cf67747b3e600bb1e5cc14d61"},
    {file = "protobuf-4.23.1-cp39-cp39-win_amd64.whl", hash = "sha256:ac50be82491369a9ec3710565777e4da87c6d2e20404e0abb1f3a8f10ffd20f0"},
    {file = "protobuf-4.23.1-py3-none-any.whl", hash = "sha256:65f0ac96ef67d7dd09b19a46aad81a851b6f85f89725577f16de38f2d68ad477"},
    {file = "protobuf-4.23.1.tar.gz", hash = "sha256:95789b569418a3e32a53f43d7763be3d490a831e9c08042539462b6d972c2d7e"},
]

[[package]]
name = "pyserial"
version = "3.5"
description = "Python Serial Port Extension"
category = "main"
optional = false
python-versions = "*"
files = [
    {file = "pyserial-3.5-py2.py3-none-any.whl", hash = "sha256:c4451db6ba391ca6ca299fb3ec7bae67a5c55dde170964c7a14ceefec02f2cf0"},
    {file = "pyserial-3.5.tar.gz", hash = "sha256:3c77e014170dfffbd816e6ffc205e9842efb10be9f58ec16d3e8675b4925cddb"},
]

[package.extras]
cp2110 = ["hidapi"]

[[package]]
name = "pyserial-asyncio"
version = "0.6"
description = "Python Serial Port Extension - Asynchronous I/O support"
category = "main"
optional = false
python-versions = "*"
files = [
    {file = "pyserial-asyncio-0.6.tar.gz", hash = "sha256:b6032923e05e9d75ec17a5af9a98429c46d2839adfaf80604d52e0faacd7a32f"},
    {file = "pyserial_asyncio-0.6-py3-none-any.whl", hash = "sha256:de9337922619421b62b9b1a84048634b3ac520e1d690a674ed246a2af7ce1fc5"},
]

[package.dependencies]
pyserial = "*"

[metadata]
lock-version = "2.0"
python-versions = "^3.11"
content-hash = "601fc0202d328d24ae34948b3c4d31918bc3983a597a8fbc7154028da8069e07"
